
Microsoft Visual Studio Solution File, Format Version 12.00
# Visual Studio Version 17
VisualStudioVersion = 17.0.31903.59
MinimumVisualStudioVersion = 10.0.40219.1
Project("{2150E333-8FDC-42A3-9474-1A3956D46DE8}") = "src", "src", "{827E0CD3-B72D-47B6-A68D-7590B98EB39B}"
EndProject
Project("{FAE04EC0-301F-11D3-BF4B-00C04F79EFBC}") = "AgentLearningLab.Domain", "src\AgentLearningLab.Domain\AgentLearningLab.Domain.csproj", "{802CAECC-CC4D-472A-AFCB-F21997E22BCF}"
EndProject
Project("{FAE04EC0-301F-11D3-BF4B-00C04F79EFBC}") = "AgentLearningLab.Application", "src\AgentLearningLab.Application\AgentLearningLab.Application.csproj", "{3C60F134-7275-48A2-9A20-5F00A2BC38C0}"
EndProject
Project("{FAE04EC0-301F-11D3-BF4B-00C04F79EFBC}") = "AgentLearningLab.Infrastructure", "src\AgentLearningLab.Infrastructure\AgentLearningLab.Infrastructure.csproj", "{30047385-383F-4454-829E-18394689E61E}"
EndProject
Project("{FAE04EC0-301F-11D3-BF4B-00C04F79EFBC}") = "AgentLearningLab.Agent", "src\AgentLearningLab.Agent\AgentLearningLab.Agent.csproj", "{B01AFFE5-9904-4A9D-A5BC-A2DF175991C7}"
EndProject
Project("{FAE04EC0-301F-11D3-BF4B-00C04F79EFBC}") = "AgentLearningLab.Tools", "src\AgentLearningLab.Tools\AgentLearningLab.Tools.csproj", "{7BE2CCA1-6922-4721-9E08-EF86D60369BE}"
EndProject
Project("{FAE04EC0-301F-11D3-BF4B-00C04F79EFBC}") = "AgentLearningLab.Web", "src\AgentLearningLab.Web\AgentLearningLab.Web.csproj", "{80F59262-4D78-4C50-BCB6-9D27F872D741}"
EndProject
Project("{2150E333-8FDC-42A3-9474-1A3956D46DE8}") = "tests", "tests", "{0AB3BF05-4346-4AA6-1389-037BE0695223}"
EndProject
Project("{FAE04EC0-301F-11D3-BF4B-00C04F79EFBC}") = "AgentLearningLab.UnitTests", "tests\AgentLearningLab.UnitTests\AgentLearningLab.UnitTests.csproj", "{22576F48-CF21-4901-8237-2D5DED976A5C}"
EndProject
Project("{FAE04EC0-301F-11D3-BF4B-00C04F79EFBC}") = "AgentLearningLab.IntegrationTests", "tests\AgentLearningLab.IntegrationTests\AgentLearningLab.IntegrationTests.csproj", "{08DDB416-33CC-47E1-B9BC-6758649DE2E9}"
EndProject
Project("{FAE04EC0-301F-11D3-BF4B-00C04F79EFBC}") = "AgentLearningLab.AgentTests", "tests\AgentLearningLab.AgentTests\AgentLearningLab.AgentTests.csproj", "{FFDD4235-46DF-475D-AC7D-81A5E8CE30A5}"
EndProject
Project("{2150E333-8FDC-42A3-9474-1A3956D46DE8}") = "evals", "evals", "{33F416D4-75A6-5DA4-5B8E-78754CDB7034}"
EndProject
Project("{FAE04EC0-301F-11D3-BF4B-00C04F79EFBC}") = "AgentLearningLab.Evals", "evals\AgentLearningLab.Evals\AgentLearningLab.Evals.csproj", "{C3CAB5C1-C06D-474F-8BA5-81A34A864AF2}"
EndProject
Global
	GlobalSection(SolutionConfigurationPlatforms) = preSolution
		Debug|Any CPU = Debug|Any CPU
		Debug|x64 = Debug|x64
		Debug|x86 = Debug|x86
		Release|Any CPU = Release|Any CPU
		Release|x64 = Release|x64
		Release|x86 = Release|x86
	EndGlobalSection
	GlobalSection(ProjectConfigurationPlatforms) = postSolution
		{802CAECC-CC4D-472A-AFCB-F21997E22BCF}.Debug|Any CPU.ActiveCfg = Debug|Any CPU
		{802CAECC-CC4D-472A-AFCB-F21997E22BCF}.Debug|Any CPU.Build.0 = Debug|Any CPU
		{802CAECC-CC4D-472A-AFCB-F21997E22BCF}.Debug|x64.ActiveCfg = Debug|Any CPU
		{802CAECC-CC4D-472A-AFCB-F21997E22BCF}.Debug|x64.Build.0 = Debug|Any CPU
		{802CAECC-CC4D-472A-AFCB-F21997E22BCF}.Debug|x86.ActiveCfg = Debug|Any CPU
		{802CAECC-CC4D-472A-AFCB-F21997E22BCF}.Debug|x86.Build.0 = Debug|Any CPU
		{802CAECC-CC4D-472A-AFCB-F21997E22BCF}.Release|Any CPU.ActiveCfg = Release|Any CPU
		{802CAECC-CC4D-472A-AFCB-F21997E22BCF}.Release|Any CPU.Build.0 = Release|Any CPU
		{802CAECC-CC4D-472A-AFCB-F21997E22BCF}.Release|x64.ActiveCfg = Release|Any CPU
		{802CAECC-CC4D-472A-AFCB-F21997E22BCF}.Release|x64.Build.0 = Release|Any CPU
		{802CAECC-CC4D-472A-AFCB-F21997E22BCF}.Release|x86.ActiveCfg = Release|Any CPU
		{802CAECC-CC4D-472A-AFCB-F21997E22BCF}.Release|x86.Build.0 = Release|Any CPU
		{3C60F134-7275-48A2-9A20-5F00A2BC38C0}.Debug|Any CPU.ActiveCfg = Debug|Any CPU
		{3C60F134-7275-48A2-9A20-5F00A2BC38C0}.Debug|Any CPU.Build.0 = Debug|Any CPU
		{3C60F134-7275-48A2-9A20-5F00A2BC38C0}.Debug|x64.ActiveCfg = Debug|Any CPU
		{3C60F134-7275-48A2-9A20-5F00A2BC38C0}.Debug|x64.Build.0 = Debug|Any CPU
		{3C60F134-7275-48A2-9A20-5F00A2BC38C0}.Debug|x86.ActiveCfg = Debug|Any CPU
		{3C60F134-7275-48A2-9A20-5F00A2BC38C0}.Debug|x86.Build.0 = Debug|Any CPU
		{3C60F134-7275-48A2-9A20-5F00A2BC38C0}.Release|Any CPU.ActiveCfg = Release|Any CPU
		{3C60F134-7275-48A2-9A20-5F00A2BC38C0}.Release|Any CPU.Build.0 = Release|Any CPU
		{3C60F134-7275-48A2-9A20-5F00A2BC38C0}.Release|x64.ActiveCfg = Release|Any CPU
		{3C60F134-7275-48A2-9A20-5F00A2BC38C0}.Release|x64.Build.0 = Release|Any CPU
		{3C60F134-7275-48A2-9A20-5F00A2BC38C0}.Release|x86.ActiveCfg = Release|Any CPU
		{3C60F134-7275-48A2-9A20-5F00A2BC38C0}.Release|x86.Build.0 = Release|Any CPU
		{30047385-383F-4454-829E-18394689E61E}.Debug|Any CPU.ActiveCfg = Debug|Any CPU
		{30047385-383F-4454-829E-18394689E61E}.Debug|Any CPU.Build.0 = Debug|Any CPU
		{30047385-383F-4454-829E-18394689E61E}.Debug|x64.ActiveCfg = Debug|Any CPU
		{30047385-383F-4454-829E-18394689E61E}.Debug|x64.Build.0 = Debug|Any CPU
		{30047385-383F-4454-829E-18394689E61E}.Debug|x86.ActiveCfg = Debug|Any CPU
		{30047385-383F-4454-829E-18394689E61E}.Debug|x86.Build.0 = Debug|Any CPU
		{30047385-383F-4454-829E-18394689E61E}.Release|Any CPU.ActiveCfg = Release|Any CPU
		{30047385-383F-4454-829E-18394689E61E}.Release|Any CPU.Build.0 = Release|Any CPU
		{30047385-383F-4454-829E-18394689E61E}.Release|x64.ActiveCfg = Release|Any CPU
		{30047385-383F-4454-829E-18394689E61E}.Release|x64.Build.0 = Release|Any CPU
		{30047385-383F-4454-829E-18394689E61E}.Release|x86.ActiveCfg = Release|Any CPU
		{30047385-383F-4454-829E-18394689E61E}.Release|x86.Build.0 = Release|Any CPU
		{B01AFFE5-9904-4A9D-A5BC-A2DF175991C7}.Debug|Any CPU.ActiveCfg = Debug|Any CPU
		{B01AFFE5-9904-4A9D-A5BC-A2DF175991C7}.Debug|Any CPU.Build.0 = Debug|Any CPU
		{B01AFFE5-9904-4A9D-A5BC-A2DF175991C7}.Debug|x64.ActiveCfg = Debug|Any CPU
		{B01AFFE5-9904-4A9D-A5BC-A2DF175991C7}.Debug|x64.Build.0 = Debug|Any CPU
		{B01AFFE5-9904-4A9D-A5BC-A2DF175991C7}.Debug|x86.ActiveCfg = Debug|Any CPU
		{B01AFFE5-9904-4A9D-A5BC-A2DF175991C7}.Debug|x86.Build.0 = Debug|Any CPU
		{B01AFFE5-9904-4A9D-A5BC-A2DF175991C7}.Release|Any CPU.ActiveCfg = Release|Any CPU
		{B01AFFE5-9904-4A9D-A5BC-A2DF175991C7}.Release|Any CPU.Build.0 = Release|Any CPU
		{B01AFFE5-9904-4A9D-A5BC-A2DF175991C7}.Release|x64.ActiveCfg = Release|Any CPU
		{B01AFFE5-9904-4A9D-A5BC-A2DF175991C7}.Release|x64.Build.0 = Release|Any CPU
		{B01AFFE5-9904-4A9D-A5BC-A2DF175991C7}.Release|x86.ActiveCfg = Release|Any CPU
		{B01AFFE5-9904-4A9D-A5BC-A2DF175991C7}.Release|x86.Build.0 = Release|Any CPU
		{7BE2CCA1-6922-4721-9E08-EF86D60369BE}.Debug|Any CPU.ActiveCfg = Debug|Any CPU
		{7BE2CCA1-6922-4721-9E08-EF86D60369BE}.Debug|Any CPU.Build.0 = Debug|Any CPU
		{7BE2CCA1-6922-4721-9E08-EF86D60369BE}.Debug|x64.ActiveCfg = Debug|Any CPU
		{7BE2CCA1-6922-4721-9E08-EF86D60369BE}.Debug|x64.Build.0 = Debug|Any CPU
		{7BE2CCA1-6922-4721-9E08-EF86D60369BE}.Debug|x86.ActiveCfg = Debug|Any CPU
		{7BE2CCA1-6922-4721-9E08-EF86D60369BE}.Debug|x86.Build.0 = Debug|Any CPU
		{7BE2CCA1-6922-4721-9E08-EF86D60369BE}.Release|Any CPU.ActiveCfg = Release|Any CPU
		{7BE2CCA1-6922-4721-9E08-EF86D60369BE}.Release|Any CPU.Build.0 = Release|Any CPU
		{7BE2CCA1-6922-4721-9E08-EF86D60369BE}.Release|x64.ActiveCfg = Release|Any CPU
		{7BE2CCA1-6922-4721-9E08-EF86D60369BE}.Release|x64.Build.0 = Release|Any CPU
		{7BE2CCA1-6922-4721-9E08-EF86D60369BE}.Release|x86.ActiveCfg = Release|Any CPU
		{7BE2CCA1-6922-4721-9E08-EF86D60369BE}.Release|x86.Build.0 = Release|Any CPU
		{80F59262-4D78-4C50-BCB6-9D27F872D741}.Debug|Any CPU.ActiveCfg = Debug|Any CPU
		{80F59262-4D78-4C50-BCB6-9D27F872D741}.Debug|Any CPU.Build.0 = Debug|Any CPU
		{80F59262-4D78-4C50-BCB6-9D27F872D741}.Debug|x64.ActiveCfg = Debug|Any CPU
		{80F59262-4D78-4C50-BCB6-9D27F872D741}.Debug|x64.Build.0 = Debug|Any CPU
		{80F59262-4D78-4C50-BCB6-9D27F872D741}.Debug|x86.ActiveCfg = Debug|Any CPU
		{80F59262-4D78-4C50-BCB6-9D27F872D741}.Debug|x86.Build.0 = Debug|Any CPU
		{80F59262-4D78-4C50-BCB6-9D27F872D741}.Release|Any CPU.ActiveCfg = Release|Any CPU
		{80F59262-4D78-4C50-BCB6-9D27F872D741}.Release|Any CPU.Build.0 = Release|Any CPU
		{80F59262-4D78-4C50-BCB6-9D27F872D741}.Release|x64.ActiveCfg = Release|Any CPU
		{80F59262-4D78-4C50-BCB6-9D27F872D741}.Release|x64.Build.0 = Release|Any CPU
		{80F59262-4D78-4C50-BCB6-9D27F872D741}.Release|x86.ActiveCfg = Release|Any CPU
		{80F59262-4D78-4C50-BCB6-9D27F872D741}.Release|x86.Build.0 = Release|Any CPU
		{22576F48-CF21-4901-8237-2D5DED976A5C}.Debug|Any CPU.ActiveCfg = Debug|Any CPU
		{22576F48-CF21-4901-8237-2D5DED976A5C}.Debug|Any CPU.Build.0 = Debug|Any CPU
		{22576F48-CF21-4901-8237-2D5DED976A5C}.Debug|x64.ActiveCfg = Debug|Any CPU
		{22576F48-CF21-4901-8237-2D5DED976A5C}.Debug|x64.Build.0 = Debug|Any CPU
		{22576F48-CF21-4901-8237-2D5DED976A5C}.Debug|x86.ActiveCfg = Debug|Any CPU
		{22576F48-CF21-4901-8237-2D5DED976A5C}.Debug|x86.Build.0 = Debug|Any CPU
		{22576F48-CF21-4901-8237-2D5DED976A5C}.Release|Any CPU.ActiveCfg = Release|Any CPU
		{22576F48-CF21-4901-8237-2D5DED976A5C}.Release|Any CPU.Build.0 = Release|Any CPU
		{22576F48-CF21-4901-8237-2D5DED976A5C}.Release|x64.ActiveCfg = Release|Any CPU
		{22576F48-CF21-4901-8237-2D5DED976A5C}.Release|x64.Build.0 = Release|Any CPU
		{22576F48-CF21-4901-8237-2D5DED976A5C}.Release|x86.ActiveCfg = Release|Any CPU
		{22576F48-CF21-4901-8237-2D5DED976A5C}.Release|x86.Build.0 = Release|Any CPU
		{08DDB416-33CC-47E1-B9BC-6758649DE2E9}.Debug|Any CPU.ActiveCfg = Debug|Any CPU
		{08DDB416-33CC-47E1-B9BC-6758649DE2E9}.Debug|Any CPU.Build.0 = Debug|Any CPU
		{08DDB416-33CC-47E1-B9BC-6758649DE2E9}.Debug|x64.ActiveCfg = Debug|Any CPU
		{08DDB416-33CC-47E1-B9BC-6758649DE2E9}.Debug|x64.Build.0 = Debug|Any CPU
		{08DDB416-33CC-47E1-B9BC-6758649DE2E9}.Debug|x86.ActiveCfg = Debug|Any CPU
		{08DDB416-33CC-47E1-B9BC-6758649DE2E9}.Debug|x86.Build.0 = Debug|Any CPU
		{08DDB416-33CC-47E1-B9BC-6758649DE2E9}.Release|Any CPU.ActiveCfg = Release|Any CPU
		{08DDB416-33CC-47E1-B9BC-6758649DE2E9}.Release|Any CPU.Build.0 = Release|Any CPU
		{08DDB416-33CC-47E1-B9BC-6758649DE2E9}.Release|x64.ActiveCfg = Release|Any CPU
		{08DDB416-33CC-47E1-B9BC-6758649DE2E9}.Release|x64.Build.0 = Release|Any CPU
		{08DDB416-33CC-47E1-B9BC-6758649DE2E9}.Release|x86.ActiveCfg = Release|Any CPU
		{08DDB416-33CC-47E1-B9BC-6758649DE2E9}.Release|x86.Build.0 = Release|Any CPU
		{FFDD4235-46DF-475D-AC7D-81A5E8CE30A5}.Debug|Any CPU.ActiveCfg = Debug|Any CPU
		{FFDD4235-46DF-475D-AC7D-81A5E8CE30A5}.Debug|Any CPU.Build.0 = Debug|Any CPU
		{FFDD4235-46DF-475D-AC7D-81A5E8CE30A5}.Debug|x64.ActiveCfg = Debug|Any CPU
		{FFDD4235-46DF-475D-AC7D-81A5E8CE30A5}.Debug|x64.Build.0 = Debug|Any CPU
		{FFDD4235-46DF-475D-AC7D-81A5E8CE30A5}.Debug|x86.ActiveCfg = Debug|Any CPU
		{FFDD4235-46DF-475D-AC7D-81A5E8CE30A5}.Debug|x86.Build.0 = Debug|Any CPU
		{FFDD4235-46DF-475D-AC7D-81A5E8CE30A5}.Release|Any CPU.ActiveCfg = Release|Any CPU
		{FFDD4235-46DF-475D-AC7D-81A5E8CE30A5}.Release|Any CPU.Build.0 = Release|Any CPU
		{FFDD4235-46DF-475D-AC7D-81A5E8CE30A5}.Release|x64.ActiveCfg = Release|Any CPU
		{FFDD4235-46DF-475D-AC7D-81A5E8CE30A5}.Release|x64.Build.0 = Release|Any CPU
		{FFDD4235-46DF-475D-AC7D-81A5E8CE30A5}.Release|x86.ActiveCfg = Release|Any CPU
		{FFDD4235-46DF-475D-AC7D-81A5E8CE30A5}.Release|x86.Build.0 = Release|Any CPU
		{C3CAB5C1-C06D-474F-8BA5-81A34A864AF2}.Debug|Any CPU.ActiveCfg = Debug|Any CPU
		{C3CAB5C1-C06D-474F-8BA5-81A34A864AF2}.Debug|Any CPU.Build.0 = Debug|Any CPU
		{C3CAB5C1-C06D-474F-8BA5-81A34A864AF2}.Debug|x64.ActiveCfg = Debug|Any CPU
		{C3CAB5C1-C06D-474F-8BA5-81A34A864AF2}.Debug|x64.Build.0 = Debug|Any CPU
		{C3CAB5C1-C06D-474F-8BA5-81A34A864AF2}.Debug|x86.ActiveCfg = Debug|Any CPU
		{C3CAB5C1-C06D-474F-8BA5-81A34A864AF2}.Debug|x86.Build.0 = Debug|Any CPU
		{C3CAB5C1-C06D-474F-8BA5-81A34A864AF2}.Release|Any CPU.ActiveCfg = Release|Any CPU
		{C3CAB5C1-C06D-474F-8BA5-81A34A864AF2}.Release|Any CPU.Build.0 = Release|Any CPU
		{C3CAB5C1-C06D-474F-8BA5-81A34A864AF2}.Release|x64.ActiveCfg = Release|Any CPU
		{C3CAB5C1-C06D-474F-8BA5-81A34A864AF2}.Release|x64.Build.0 = Release|Any CPU
		{C3CAB5C1-C06D-474F-8BA5-81A34A864AF2}.Release|x86.ActiveCfg = Release|Any CPU
		{C3CAB5C1-C06D-474F-8BA5-81A34A864AF2}.Release|x86.Build.0 = Release|Any CPU
	EndGlobalSection
	GlobalSection(SolutionProperties) = preSolution
		HideSolutionNode = FALSE
	EndGlobalSection
	GlobalSection(NestedProjects) = preSolution
		{802CAECC-CC4D-472A-AFCB-F21997E22BCF} = {827E0CD3-B72D-47B6-A68D-7590B98EB39B}
		{3C60F134-7275-48A2-9A20-5F00A2BC38C0} = {827E0CD3-B72D-47B6-A68D-7590B98EB39B}
		{30047385-383F-4454-829E-18394689E61E} = {827E0CD3-B72D-47B6-A68D-7590B98EB39B}
		{B01AFFE5-9904-4A9D-A5BC-A2DF175991C7} = {827E0CD3-B72D-47B6-A68D-7590B98EB39B}
		{7BE2CCA1-6922-4721-9E08-EF86D60369BE} = {827E0CD3-B72D-47B6-A68D-7590B98EB39B}
		{80F59262-4D78-4C50-BCB6-9D27F872D741} = {827E0CD3-B72D-47B6-A68D-7590B98EB39B}
		{22576F48-CF21-4901-8237-2D5DED976A5C} = {0AB3BF05-4346-4AA6-1389-037BE0695223}
		{08DDB416-33CC-47E1-B9BC-6758649DE2E9} = {0AB3BF05-4346-4AA6-1389-037BE0695223}
		{FFDD4235-46DF-475D-AC7D-81A5E8CE30A5} = {0AB3BF05-4346-4AA6-1389-037BE0695223}
		{C3CAB5C1-C06D-474F-8BA5-81A34A864AF2} = {33F416D4-75A6-5DA4-5B8E-78754CDB7034}
	EndGlobalSection
EndGlobal
